
Microsoft Visual Studio Solution File, Format Version 12.00
# Visual Studio Version 17
VisualStudioVersion = 17.3.32929.385
MinimumVisualStudioVersion = 10.0.40219.1
Project("{9A19103F-16F7-4668-BE54-9A1E7A4F7556}") = "Single_Responsibility_Principle", "Single_Responsibility_Principle\Single_Responsibility_Principle.csproj", "{57846FB0-7A6B-4839-8C2D-96B01D76D6A0}"
EndProject
Project("{9A19103F-16F7-4668-BE54-9A1E7A4F7556}") = "Open_Closed_Principle", "Open_Closed_Principle\Open_Closed_Principle.csproj", "{77D84588-AC49-44F3-BB7F-1AA23A309A62}"
EndProject
Project("{9A19103F-16F7-4668-BE54-9A1E7A4F7556}") = "Liskov_Substituition_Principle", "Liskov_Substituition_Principle\Liskov_Substituition_Principle.csproj", "{808F76E8-EE9C-4B9A-A2A0-C8C54B3142A8}"
EndProject
Project("{FAE04EC0-301F-11D3-BF4B-00C04F79EFBC}") = "Interface_Segregation_Principle", "Interface_Segregation_Principle\Interface_Segregation_Principle.csproj", "{8FE11BD6-B916-4509-ABA8-F181C59D2F1A}"
EndProject
Global
	GlobalSection(SolutionConfigurationPlatforms) = preSolution
		Debug|Any CPU = Debug|Any CPU
		Release|Any CPU = Release|Any CPU
	EndGlobalSection
	GlobalSection(ProjectConfigurationPlatforms) = postSolution
		{57846FB0-7A6B-4839-8C2D-96B01D76D6A0}.Debug|Any CPU.ActiveCfg = Debug|Any CPU
		{57846FB0-7A6B-4839-8C2D-96B01D76D6A0}.Debug|Any CPU.Build.0 = Debug|Any CPU
		{57846FB0-7A6B-4839-8C2D-96B01D76D6A0}.Release|Any CPU.ActiveCfg = Release|Any CPU
		{57846FB0-7A6B-4839-8C2D-96B01D76D6A0}.Release|Any CPU.Build.0 = Release|Any CPU
		{77D84588-AC49-44F3-BB7F-1AA23A309A62}.Debug|Any CPU.ActiveCfg = Debug|Any CPU
		{77D84588-AC49-44F3-BB7F-1AA23A309A62}.Debug|Any CPU.Build.0 = Debug|Any CPU
		{77D84588-AC49-44F3-BB7F-1AA23A309A62}.Release|Any CPU.ActiveCfg = Release|Any CPU
		{77D84588-AC49-44F3-BB7F-1AA23A309A62}.Release|Any CPU.Build.0 = Release|Any CPU
		{808F76E8-EE9C-4B9A-A2A0-C8C54B3142A8}.Debug|Any CPU.ActiveCfg = Debug|Any CPU
		{808F76E8-EE9C-4B9A-A2A0-C8C54B3142A8}.Debug|Any CPU.Build.0 = Debug|Any CPU
		{808F76E8-EE9C-4B9A-A2A0-C8C54B3142A8}.Release|Any CPU.ActiveCfg = Release|Any CPU
		{808F76E8-EE9C-4B9A-A2A0-C8C54B3142A8}.Release|Any CPU.Build.0 = Release|Any CPU
		{8FE11BD6-B916-4509-ABA8-F181C59D2F1A}.Debug|Any CPU.ActiveCfg = Debug|Any CPU
		{8FE11BD6-B916-4509-ABA8-F181C59D2F1A}.Debug|Any CPU.Build.0 = Debug|Any CPU
		{8FE11BD6-B916-4509-ABA8-F181C59D2F1A}.Release|Any CPU.ActiveCfg = Release|Any CPU
		{8FE11BD6-B916-4509-ABA8-F181C59D2F1A}.Release|Any CPU.Build.0 = Release|Any CPU
	EndGlobalSection
	GlobalSection(SolutionProperties) = preSolution
		HideSolutionNode = FALSE
	EndGlobalSection
	GlobalSection(ExtensibilityGlobals) = postSolution
		SolutionGuid = {B9DC4B31-6043-47FF-A27D-34CDF5E53D3C}
	EndGlobalSection
EndGlobal
